
Microsoft Visual Studio Solution File, Format Version 12.00
# Visual Studio Version 16
VisualStudioVersion = 16.0.31313.79
MinimumVisualStudioVersion = 10.0.40219.1
Project("{9A19103F-16F7-4668-BE54-9A1E7A4F7556}") = "WfrpChars", "WfrpChars.csproj", "{E89FFC56-A921-417D-9FE9-F55DE690192A}"
EndProject
Global
	GlobalSection(SolutionConfigurationPlatforms) = preSolution
		Debug|Any CPU = Debug|Any CPU
		Release|Any CPU = Release|Any CPU
	EndGlobalSection
	GlobalSection(ProjectConfigurationPlatforms) = postSolution
		{E89FFC56-A921-417D-9FE9-F55DE690192A}.Debug|Any CPU.ActiveCfg = Debug|Any CPU
		{E89FFC56-A921-417D-9FE9-F55DE690192A}.Debug|Any CPU.Build.0 = Debug|Any CPU
		{E89FFC56-A921-417D-9FE9-F55DE690192A}.Release|Any CPU.ActiveCfg = Release|Any CPU
		{E89FFC56-A921-417D-9FE9-F55DE690192A}.Release|Any CPU.Build.0 = Release|Any CPU
	EndGlobalSection
	GlobalSection(SolutionProperties) = preSolution
		HideSolutionNode = FALSE
	EndGlobalSection
	GlobalSection(ExtensibilityGlobals) = postSolution
		SolutionGuid = {374734E4-8A6A-48F9-9D86-46AE11DE4BF4}
	EndGlobalSection
EndGlobal
